
Microsoft Visual Studio Solution File, Format Version 12.00
# Visual Studio Version 17
VisualStudioVersion = 17.0.32112.339
MinimumVisualStudioVersion = 10.0.40219.1
Project("{8BC9CEB8-8B4A-11D0-8D11-00A0C91BC942}") = "Block-SpamMessage", "Block-SpamMessage\Block-SpamMessage.vcxproj", "{55A6C981-FBF0-4088-A016-B805C8A2A6A0}"
EndProject
Global
	GlobalSection(SolutionConfigurationPlatforms) = preSolution
		Debug|x64 = Debug|x64
		Debug|x86 = Debug|x86
		Release|x64 = Release|x64
		Release|x86 = Release|x86
	EndGlobalSection
	GlobalSection(ProjectConfigurationPlatforms) = postSolution
		{55A6C981-FBF0-4088-A016-B805C8A2A6A0}.Debug|x64.ActiveCfg = Debug|x64
		{55A6C981-FBF0-4088-A016-B805C8A2A6A0}.Debug|x64.Build.0 = Debug|x64
		{55A6C981-FBF0-4088-A016-B805C8A2A6A0}.Debug|x86.ActiveCfg = Debug|Win32
		{55A6C981-FBF0-4088-A016-B805C8A2A6A0}.Debug|x86.Build.0 = Debug|Win32
		{55A6C981-FBF0-4088-A016-B805C8A2A6A0}.Release|x64.ActiveCfg = Release|x64
		{55A6C981-FBF0-4088-A016-B805C8A2A6A0}.Release|x64.Build.0 = Release|x64
		{55A6C981-FBF0-4088-A016-B805C8A2A6A0}.Release|x86.ActiveCfg = Release|Win32
		{55A6C981-FBF0-4088-A016-B805C8A2A6A0}.Release|x86.Build.0 = Release|Win32
	EndGlobalSection
	GlobalSection(SolutionProperties) = preSolution
		HideSolutionNode = FALSE
	EndGlobalSection
	GlobalSection(ExtensibilityGlobals) = postSolution
		SolutionGuid = {4D4CB075-C64E-4A43-8B62-41C8DE9C12F0}
	EndGlobalSection
EndGlobal
